{
  "requires": true,
  "lockfileVersion": 1,
  "dependencies": {
    "math-standard-deviation": {
      "version": "1.0.1",
      "resolved": "https://registry.npmjs.org/math-standard-deviation/-/math-standard-deviation-1.0.1.tgz",
      "integrity": "sha512-t9fugSSrlz6VVYg5EJDeqNkNjaNIBFWrGEdykkoT3iOfXn1t6Y63j6YVwFQAbyT9rJQf7royquyY/Rz/Od9SyA=="
    }
  }
}
